{
  "version": 1,
  "dependencies": {
    "net10.0": {
      "Avalonia": {
        "type": "Direct",
        "requested": "[12.0.0, )",
        "resolved": "12.0.0",
        "contentHash": "/dTINvK2kc8wiV1k6owfJS9gVLwt5vzv3gZEJbl/k7exfIIp+XqSwQQuZq9IFsV8A1Kn+p9btnPDtG4xtPUCaA==",
        "dependencies": {
          "Avalonia.BuildServices": "11.3.2",
          "Avalonia.Remote.Protocol": "12.0.0",
          "MicroCom.Runtime": "0.11.4"
        }
      },
      "Avalonia.Desktop": {
        "type": "Direct",
        "requested": "[11.3.13, )",
        "resolved": "11.3.13",
        "contentHash": "XFYvm7MJ/LkSxopcS2MaJqO439rmjdXPxdeel6YMtuHyE5na7Fjt4tNWyjWQUvZr91GjaYVQ8SVOc1JDiRRsbg==",
        "dependencies": {
          "Avalonia": "11.3.13",
          "Avalonia.Native": "11.3.13",
          "Avalonia.Skia": "11.3.13",
          "Avalonia.Win32": "11.3.13",
          "Avalonia.X11": "11.3.13"
        }
      },
      "Avalonia.Diagnostics": {
        "type": "Direct",
        "requested": "[11.3.13, )",
        "resolved": "11.3.13",
        "contentHash": "/IuYlGBJYJDG+OAVTfXv2tVJ54b+PEIu1Rh3wv0FEg/8ZQvd5l0aS6R5Q1q3ycAHI6SdBaaSPSk71HfhvCa+6A==",
        "dependencies": {
          "Avalonia": "11.3.13",
          "Avalonia.Controls.ColorPicker": "11.3.13",
          "Avalonia.Themes.Simple": "11.3.13"
        }
      },
      "Avalonia.ReactiveUI": {
        "type": "Direct",
        "requested": "[11.3.9, )",
        "resolved": "11.3.9",
        "contentHash": "Butgdd/wqpZ9QFHAaoOC8qOMTryYoIPeCXrXrV6qf5At4lCEkqcmAe1pRmdqpgeA4e4t19tjbXMElKj28jmhPg==",
        "dependencies": {
          "Avalonia": "11.3.9",
          "ReactiveUI": "20.1.1",
          "System.Reactive": "6.0.1"
        }
      },
      "Avalonia.Themes.Fluent": {
        "type": "Direct",
        "requested": "[12.0.0, )",
        "resolved": "12.0.0",
        "contentHash": "mwliOPzvG6Skr/RLWoArpBGothoaD2oVKzU8V1FrxAiHfsy14g/skvXsQkO724+VXCOJyq0AtKfxk0IMkcqMQg==",
        "dependencies": {
          "Avalonia": "12.0.0"
        }
      },
      "Fluid.Core": {
        "type": "Direct",
        "requested": "[2.31.0, )",
        "resolved": "2.31.0",
        "contentHash": "HowYbawChrOQLgbezHp/pKY3TUdkNwrpz4CE9z2QHvx4769JXP5IjurpoPGFfz+73RcxxC04niukIXjygAYIzw==",
        "dependencies": {
          "Microsoft.Extensions.FileProviders.Abstractions": "9.0.0",
          "Parlot": "1.5.2",
          "TimeZoneConverter": "7.2.0"
        }
      },
      "Microsoft.Extensions.DependencyInjection": {
        "type": "Direct",
        "requested": "[10.0.5, )",
        "resolved": "10.0.5",
        "contentHash": "v1SVsowG6YE1YnHVGmLWz57YTRCQRx9pH5ebIESXfm5isI9gA3QaMyg/oMTzPpXYZwSAVDzYItGJKfmV+pqXkQ==",
        "dependencies": {
          "Microsoft.Extensions.DependencyInjection.Abstractions": "10.0.5"
        }
      },
      "Microsoft.Extensions.Logging": {
        "type": "Direct",
        "requested": "[10.0.5, )",
        "resolved": "10.0.5",
        "contentHash": "+XTMKQyDWg4ODoNHU/BN3BaI1jhGO7VCS+BnzT/4IauiG6y2iPAte7MyD7rHKS+hNP0TkFkjrae8DFjDUxtcxg==",
        "dependencies": {
          "Microsoft.Extensions.DependencyInjection": "10.0.5",
          "Microsoft.Extensions.Logging.Abstractions": "10.0.5",
          "Microsoft.Extensions.Options": "10.0.5"
        }
      },
      "Microsoft.NET.ILLink.Tasks": {
        "type": "Direct",
        "requested": "[10.0.3, )",
        "resolved": "10.0.3",
        "contentHash": "0B6nZyCHWXnvmlB559oduOspVdNOnpNXPjhpWVMovLPAsDVG7A4jJR9rzECf67JUzxP8/ee/wA8clwIzJcWNFA=="
      },
      "Serilog.Extensions.Logging": {
        "type": "Direct",
        "requested": "[10.0.0, )",
        "resolved": "10.0.0",
        "contentHash": "vx0kABKl2dWbBhhqAfTOk53/i8aV/5VaT3a6il9gn72Wqs2pM7EK2OB6No6xdqK2IaY6Zf9gdjLuK9BVa2rT+Q==",
        "dependencies": {
          "Microsoft.Extensions.Logging": "10.0.0",
          "Serilog": "4.2.0"
        }
      },
      "Serilog.Sinks.Debug": {
        "type": "Direct",
        "requested": "[3.0.0, )",
        "resolved": "3.0.0",
        "contentHash": "4BzXcdrgRX7wde9PmHuYd9U6YqycCC28hhpKonK7hx0wb19eiuRj16fPcPSVp0o/Y1ipJuNLYQ00R3q2Zs8FDA==",
        "dependencies": {
          "Serilog": "4.0.0"
        }
      },
      "Serilog.Sinks.File": {
        "type": "Direct",
        "requested": "[7.0.0, )",
        "resolved": "7.0.0",
        "contentHash": "fKL7mXv7qaiNBUC71ssvn/dU0k9t0o45+qm2XgKAlSt19xF+ijjxyA3R6HmCgfKEKwfcfkwWjayuQtRueZFkYw==",
        "dependencies": {
          "Serilog": "4.2.0"
        }
      },
      "Avalonia.Angle.Windows.Natives": {
        "type": "Transitive",
        "resolved": "2.1.25547.20250602",
        "contentHash": "ZL0VLc4s9rvNNFt19Pxm5UNAkmKNylugAwJPX9ulXZ6JWs/l6XZihPWWTyezaoNOVyEPU8YbURtW7XMAtqXH5A=="
      },
      "Avalonia.BuildServices": {
        "type": "Transitive",
        "resolved": "11.3.2",
        "contentHash": "qHDToxto1e3hci5YqbG9n0Ty8mlp3zBUN5wT66wKqaDVzXyQ0do3EnRILd4Ke9jpvsktaPpgE0YjEk7hornryQ=="
      },
      "Avalonia.Controls.ColorPicker": {
        "type": "Transitive",
        "resolved": "11.3.13",
        "contentHash": "38M23f5H25kugMZg68QLfLgMTBMngvCkIu44yVtgOF3aTqoyRZr0vKmGJJYoEn+2Ixzd0+kB8qICLKX6N/nIjA==",
        "dependencies": {
          "Avalonia": "11.3.13",
          "Avalonia.Remote.Protocol": "11.3.13"
        }
      },
      "Avalonia.FreeDesktop": {
        "type": "Transitive",
        "resolved": "11.3.13",
        "contentHash": "ObC3wgDxT6WtpVYKS4whYxp9w4Hzak3KQ/DOASiLDsp9p/oMRRJHoU1MtKWZ0H2BP/U0vdVRfWD9FqGVZ9LMhA==",
        "dependencies": {
          "Avalonia": "11.3.13",
          "Tmds.DBus.Protocol": "0.21.2"
        }
      },
      "Avalonia.Native": {
        "type": "Transitive",
        "resolved": "11.3.13",
        "contentHash": "YEjuhvLCNgwJaY1CQYBVmmZF9Hrxu9CH4HG0pXlrt12EG8mbMdCUrDlzds5YTMcSM8ly8EQkOhJ+nKJnXzxyiA==",
        "dependencies": {
          "Avalonia": "11.3.13"
        }
      },
      "Avalonia.Remote.Protocol": {
        "type": "Transitive",
        "resolved": "12.0.0",
        "contentHash": "4uafS+y4s/FPJiOms5ZMFSWUNsx0QdWnkcbdiimch73WnApccgbWb6p082tCAPvSw6SbqoQB5IHgHsHGI7gPSw=="
      },
      "Avalonia.Skia": {
        "type": "Transitive",
        "resolved": "11.3.13",
        "contentHash": "ak6fjzPJr+CwR/qUPQwtrYuuwVfT6yqqeJizzuaj2uMcuX+1hw/bSAAWmQ/0YD716xOj4bilA2BHOLl5IRBybg==",
        "dependencies": {
          "Avalonia": "11.3.13",
          "HarfBuzzSharp": "8.3.1.1",
          "HarfBuzzSharp.NativeAssets.Linux": "8.3.1.1",
          "HarfBuzzSharp.NativeAssets.WebAssembly": "8.3.1.1",
          "SkiaSharp": "2.88.9",
          "SkiaSharp.NativeAssets.Linux": "2.88.9",
          "SkiaSharp.NativeAssets.WebAssembly": "2.88.9"
        }
      },
      "Avalonia.Themes.Simple": {
        "type": "Transitive",
        "resolved": "11.3.13",
        "contentHash": "OooDNZY9PAxQdaJLaCLHLPngUC2xweRfIsPw9DcTKLaxmLgI7RF0OGNuHTsur9PUUQl18nFQGFVf1aYQucMVcQ==",
        "dependencies": {
          "Avalonia": "11.3.13"
        }
      },
      "Avalonia.Win32": {
        "type": "Transitive",
        "resolved": "11.3.13",
        "contentHash": "TBOWZI5GK197lZ9w3oXfDF/DhHLi/g4JK3FUdVXpi2x7hvRvkdKikWSa3qVF11ZHVcI2NdaMyPYqYVlhyaiWEw==",
        "dependencies": {
          "Avalonia": "11.3.13",
          "Avalonia.Angle.Windows.Natives": "2.1.25547.20250602"
        }
      },
      "Avalonia.X11": {
        "type": "Transitive",
        "resolved": "11.3.13",
        "contentHash": "uYI3mGkkZk+B8CHeqRR/2TMfwWTjvAbt0LjstR3CY1gD90j7j/0pM96yIvsv83mnWmkhrEeM+DCH3fvosafvlg==",
        "dependencies": {
          "Avalonia": "11.3.13",
          "Avalonia.FreeDesktop": "11.3.13",
          "Avalonia.Skia": "11.3.13"
        }
      },
      "DynamicData": {
        "type": "Transitive",
        "resolved": "8.4.1",
        "contentHash": "Mn1+fU/jqxgONEJq8KLQPGWEi7g/hUVTbjZyn4QM0sWWDAVOHPO9WjXWORSykwdfg/6S3GM15qsfz+2EvO+QAQ==",
        "dependencies": {
          "System.Reactive": "6.0.0"
        }
      },
      "HarfBuzzSharp": {
        "type": "Transitive",
        "resolved": "8.3.1.1",
        "contentHash": "tLZN66oe/uiRPTZfrCU4i8ScVGwqHNh5MHrXj0yVf4l7Mz0FhTGnQ71RGySROTmdognAs0JtluHkL41pIabWuQ==",
        "dependencies": {
          "HarfBuzzSharp.NativeAssets.Win32": "8.3.1.1",
          "HarfBuzzSharp.NativeAssets.macOS": "8.3.1.1"
        }
      },
      "HarfBuzzSharp.NativeAssets.Linux": {
        "type": "Transitive",
        "resolved": "8.3.1.1",
        "contentHash": "3EZ1mpIiKWRLL5hUYA82ZHteeDIVaEA/Z0rA/wU6tjx6crcAkJnBPwDXZugBSfo8+J3EznvRJf49uMsqYfKrHg=="
      },
      "HarfBuzzSharp.NativeAssets.macOS": {
        "type": "Transitive",
        "resolved": "8.3.1.1",
        "contentHash": "jbtCsgftcaFLCA13tVKo5iWdElJScrulLTKJre36O4YQTIlwDtPPqhRZNk+Y0vv4D1gxbscasGRucUDfS44ofQ=="
      },
      "HarfBuzzSharp.NativeAssets.WebAssembly": {
        "type": "Transitive",
        "resolved": "8.3.1.1",
        "contentHash": "loJweK2u/mH/3C2zBa0ggJlITIszOkK64HLAZB7FUT670dTg965whLFYHDQo69NmC4+d9UN0icLC9VHidXaVCA=="
      },
      "HarfBuzzSharp.NativeAssets.Win32": {
        "type": "Transitive",
        "resolved": "8.3.1.1",
        "contentHash": "UsJtQsfAJoFDZrXc4hCUfRPMqccfKZ0iumJ/upcUjz/cmsTgVFGNEL5yaJWmkqsuFYdMWbj/En5/kS4PFl9hBA=="
      },
      "MicroCom.Runtime": {
        "type": "Transitive",
        "resolved": "0.11.4",
        "contentHash": "yZ8+Lgwo+KtRI29TB2mIOEMzV+csMJ+pKZg4YHReAP3vRewWLKKeYfrBDo5FS69rWnEbCfU3sbM+ZEQr+GDLtg=="
      },
      "Microsoft.Extensions.DependencyInjection.Abstractions": {
        "type": "Transitive",
        "resolved": "10.0.5",
        "contentHash": "iVMtq9eRvzyhx8949EGT0OCYJfXi737SbRVzWXE5GrOgGj5AaZ9eUuxA/BSUfmOMALKn/g8KfFaNQw0eiB3lyA=="
      },
      "Microsoft.Extensions.FileProviders.Abstractions": {
        "type": "Transitive",
        "resolved": "9.0.0",
        "contentHash": "uK439QzYR0q2emLVtYzwyK3x+T5bTY4yWsd/k/ZUS9LR6Sflp8MIdhGXW8kQCd86dQD4tLqvcbLkku8qHY263Q==",
        "dependencies": {
          "Microsoft.Extensions.Primitives": "9.0.0"
        }
      },
      "Microsoft.Extensions.Logging.Abstractions": {
        "type": "Transitive",
        "resolved": "10.0.5",
        "contentHash": "9HOdqlDtPptVcmKAjsQ/Nr5Rxfq6FMYLdhvZh1lVmeKR738qeYecQD7+ldooXf+u2KzzR1kafSphWngIM3C6ug==",
        "dependencies": {
          "Microsoft.Extensions.DependencyInjection.Abstractions": "10.0.5"
        }
      },
      "Microsoft.Extensions.Options": {
        "type": "Transitive",
        "resolved": "10.0.5",
        "contentHash": "MDaQMdUplw0AIRhWWmbLA7yQEXaLIHb+9CTroTiNS8OlI0LMXS4LCxtopqauiqGCWlRgJ+xyraVD8t6veRAFbw==",
        "dependencies": {
          "Microsoft.Extensions.DependencyInjection.Abstractions": "10.0.5",
          "Microsoft.Extensions.Primitives": "10.0.5"
        }
      },
      "Microsoft.Extensions.Primitives": {
        "type": "Transitive",
        "resolved": "10.0.5",
        "contentHash": "/HUHJ0tw/LQvD0DZrz50eQy/3z7PfX7WWEaXnjKTV9/TNdcgFlNTZGo49QhS7PTmhDqMyHRMqAXSBxLh0vso4g=="
      },
      "Parlot": {
        "type": "Transitive",
        "resolved": "1.5.2",
        "contentHash": "idEOR6WU8WvnaDhFcj9PkWv8r/Actca8KfV9kw94//QEC0iQJVB9w/Z4ZLY8LxwSVMuNPuuLB649kCcVb+HrLw=="
      },
      "ReactiveUI": {
        "type": "Transitive",
        "resolved": "20.1.1",
        "contentHash": "9hNPknWjijnaSWs6auypoXqUptPZcRpUypF+cf1zD50fgW+SEoQda502N3fVZ2eWPcaiUad+z6GaLwOWmUVHNw==",
        "dependencies": {
          "DynamicData": "8.4.1",
          "Splat": "15.1.1",
          "System.ComponentModel.Annotations": "5.0.0"
        }
      },
      "Serilog": {
        "type": "Transitive",
        "resolved": "4.2.0",
        "contentHash": "gmoWVOvKgbME8TYR+gwMf7osROiWAURterc6Rt2dQyX7wtjZYpqFiA/pY6ztjGQKKV62GGCyOcmtP1UKMHgSmA=="
      },
      "SkiaSharp": {
        "type": "Transitive",
        "resolved": "2.88.9",
        "contentHash": "3MD5VHjXXieSHCleRLuaTXmL2pD0mB7CcOB1x2kA1I4bhptf4e3R27iM93264ZYuAq6mkUyX5XbcxnZvMJYc1Q==",
        "dependencies": {
          "SkiaSharp.NativeAssets.Win32": "2.88.9",
          "SkiaSharp.NativeAssets.macOS": "2.88.9"
        }
      },
      "SkiaSharp.NativeAssets.Linux": {
        "type": "Transitive",
        "resolved": "2.88.9",
        "contentHash": "cWSaJKVPWAaT/WIn9c8T5uT/l4ETwHxNJTkEOtNKjphNo8AW6TF9O32aRkxqw3l8GUdUo66Bu7EiqtFh/XG0Zg==",
        "dependencies": {
          "SkiaSharp": "2.88.9"
        }
      },
      "SkiaSharp.NativeAssets.macOS": {
        "type": "Transitive",
        "resolved": "2.88.9",
        "contentHash": "Nv5spmKc4505Ep7oUoJ5vp3KweFpeNqxpyGDWyeEPTX2uR6S6syXIm3gj75dM0YJz7NPvcix48mR5laqs8dPuA=="
      },
      "SkiaSharp.NativeAssets.WebAssembly": {
        "type": "Transitive",
        "resolved": "2.88.9",
        "contentHash": "kt06RccBHSnAs2wDYdBSfsjIDbY3EpsOVqnlDgKdgvyuRA8ZFDaHRdWNx1VHjGgYzmnFCGiTJBnXFl5BqGwGnA=="
      },
      "SkiaSharp.NativeAssets.Win32": {
        "type": "Transitive",
        "resolved": "2.88.9",
        "contentHash": "wb2kYgU7iy84nQLYZwMeJXixvK++GoIuECjU4ECaUKNuflyRlJKyiRhN1MAHswvlvzuvkrjRWlK0Za6+kYQK7w=="
      },
      "Splat": {
        "type": "Transitive",
        "resolved": "15.1.1",
        "contentHash": "RHDTdF90FwVbRia2cmuIzkiVoETqnXSB2dDBBi/I35HWXqv4OKGqoMcfcd6obMvO2OmmY5PjU1M62K8LkJafAA=="
      },
      "System.ComponentModel.Annotations": {
        "type": "Transitive",
        "resolved": "5.0.0",
        "contentHash": "dMkqfy2el8A8/I76n2Hi1oBFEbG1SfxD2l5nhwXV3XjlnOmwxJlQbYpJH4W51odnU9sARCSAgv7S3CyAFMkpYg=="
      },
      "System.Reactive": {
        "type": "Transitive",
        "resolved": "6.0.1",
        "contentHash": "rHaWtKDwCi9qJ3ObKo8LHPMuuwv33YbmQi7TcUK1C264V3MFnOr5Im7QgCTdLniztP3GJyeiSg5x8NqYJFqRmg=="
      },
      "TimeZoneConverter": {
        "type": "Transitive",
        "resolved": "7.2.0",
        "contentHash": "4Poqu79dTmacVETqUJ53g3x4U21V/cmWPSlehdsVE4Q00akavvlRq+SRjcg/CmfO9ibOCjRl6TeUV7hkC5RC4w=="
      },
      "Tmds.DBus.Protocol": {
        "type": "Transitive",
        "resolved": "0.21.2",
        "contentHash": "ScSMrUrrw8px4kK1Glh0fZv/HQUlg1078bNXNPfRPKQ3WbRzV9HpsydYEOgSoMK5LWICMf2bMwIFH0pGjxjcMA=="
      }
    }
  }
}